
Microsoft Visual Studio Solution File, Format Version 12.00
# Visual Studio Version 17
VisualStudioVersion = 17.11.35222.181
MinimumVisualStudioVersion = 10.0.40219.1
Project("{FAE04EC0-301F-11D3-BF4B-00C04F79EFBC}") = "College", "College\College.csproj", "{2CD0197E-539E-4DA3-A684-0B5AC36DDBE2}"
EndProject
Global
	GlobalSection(SolutionConfigurationPlatforms) = preSolution
		Debug|Any CPU = Debug|Any CPU
		Release|Any CPU = Release|Any CPU
	EndGlobalSection
	GlobalSection(ProjectConfigurationPlatforms) = postSolution
		{2CD0197E-539E-4DA3-A684-0B5AC36DDBE2}.Debug|Any CPU.ActiveCfg = Debug|Any CPU
		{2CD0197E-539E-4DA3-A684-0B5AC36DDBE2}.Debug|Any CPU.Build.0 = Debug|Any CPU
		{2CD0197E-539E-4DA3-A684-0B5AC36DDBE2}.Release|Any CPU.ActiveCfg = Release|Any CPU
		{2CD0197E-539E-4DA3-A684-0B5AC36DDBE2}.Release|Any CPU.Build.0 = Release|Any CPU
	EndGlobalSection
	GlobalSection(SolutionProperties) = preSolution
		HideSolutionNode = FALSE
	EndGlobalSection
	GlobalSection(ExtensibilityGlobals) = postSolution
		SolutionGuid = {8075A6F5-ABCF-4FEA-B14B-08861F18E37E}
	EndGlobalSection
EndGlobal
